// !$*UTF8*$!
{
	archiveVersion = 1;
	classes = {
	};
	objectVersion = 46;
	objects = {

/* Begin PBXBuildFile section */
		087762743CE4650EF230D697 /* libPods-Project.a in Frameworks */ = {isa = PBXBuildFile; fileRef = A30DD066B519865DD11DD4A9 /* libPods-Project.a */; };
		C53806531DE59D9800A2322D /* AKTimer.m in Sources */ = {isa = PBXBuildFile; fileRef = C53806521DE59D9800A2322D /* AKTimer.m */; };
		C53806581DE68C9B00A2322D /* AKUserPointAnnotation.m in Sources */ = {isa = PBXBuildFile; fileRef = C53806571DE68C9B00A2322D /* AKUserPointAnnotation.m */; };
		C538065B1DE6922100A2322D /* AKUserPinAnnotationView.m in Sources */ = {isa = PBXBuildFile; fileRef = C538065A1DE6922100A2322D /* AKUserPinAnnotationView.m */; };
		C538065E1DE6B4C300A2322D /* AKMapManager.m in Sources */ = {isa = PBXBuildFile; fileRef = C538065D1DE6B4C300A2322D /* AKMapManager.m */; };
		C53806631DE6D06400A2322D /* AKDBManager.m in Sources */ = {isa = PBXBuildFile; fileRef = C53806621DE6D06400A2322D /* AKDBManager.m */; };
		C538066C1DE71A0900A2322D /* AKDBManager+UserModel.m in Sources */ = {isa = PBXBuildFile; fileRef = C538066B1DE71A0900A2322D /* AKDBManager+UserModel.m */; };
		C55CBE211DE436570000B1F6 /* AKRequestHeader.m in Sources */ = {isa = PBXBuildFile; fileRef = C55CBE201DE436570000B1F6 /* AKRequestHeader.m */; };
		C55CBE251DE4405E0000B1F6 /* ThirdLoginAPI.m in Sources */ = {isa = PBXBuildFile; fileRef = C55CBE241DE4405E0000B1F6 /* ThirdLoginAPI.m */; };
		C55CBE351DE4428E0000B1F6 /* AKMediator+UserModule.m in Sources */ = {isa = PBXBuildFile; fileRef = C55CBE2C1DE4428E0000B1F6 /* AKMediator+UserModule.m */; };
		C55CBE3B1DE442FF0000B1F6 /* ServiceUser.m in Sources */ = {isa = PBXBuildFile; fileRef = C55CBE3A1DE442FF0000B1F6 /* ServiceUser.m */; };
		C55CBE431DE445220000B1F6 /* UserModel.m in Sources */ = {isa = PBXBuildFile; fileRef = C55CBE421DE445220000B1F6 /* UserModel.m */; };
		C55CBE491DE447430000B1F6 /* AKDataCenter+UserModule.m in Sources */ = {isa = PBXBuildFile; fileRef = C55CBE481DE447430000B1F6 /* AKDataCenter+UserModule.m */; };
		C55CBE4D1DE52D1F0000B1F6 /* AKUserManager.m in Sources */ = {isa = PBXBuildFile; fileRef = C55CBE4C1DE52D1F0000B1F6 /* AKUserManager.m */; };
		C55CBE811DE54AC90000B1F6 /* AKAppDelegate.m in Sources */ = {isa = PBXBuildFile; fileRef = C55CBE511DE54AC90000B1F6 /* AKAppDelegate.m */; };
		C55CBE821DE54AC90000B1F6 /* BaseModule.xcassets in Resources */ = {isa = PBXBuildFile; fileRef = C55CBE531DE54AC90000B1F6 /* BaseModule.xcassets */; };
		C55CBE831DE54AC90000B1F6 /* AKDataCenter.m in Sources */ = {isa = PBXBuildFile; fileRef = C55CBE581DE54AC90000B1F6 /* AKDataCenter.m */; };
		C55CBE841DE54AC90000B1F6 /* AKMediator.m in Sources */ = {isa = PBXBuildFile; fileRef = C55CBE5C1DE54AC90000B1F6 /* AKMediator.m */; };
		C55CBE851DE54AC90000B1F6 /* AKRequestManager.m in Sources */ = {isa = PBXBuildFile; fileRef = C55CBE5F1DE54AC90000B1F6 /* AKRequestManager.m */; };
		C55CBE861DE54AC90000B1F6 /* AKBaseRequest.m in Sources */ = {isa = PBXBuildFile; fileRef = C55CBE621DE54AC90000B1F6 /* AKBaseRequest.m */; };
		C55CBE871DE54AC90000B1F6 /* AKPopupManager.m in Sources */ = {isa = PBXBuildFile; fileRef = C55CBE651DE54AC90000B1F6 /* AKPopupManager.m */; };
		C55CBE881DE54AC90000B1F6 /* AKBaseViewController.m in Sources */ = {isa = PBXBuildFile; fileRef = C55CBE691DE54AC90000B1F6 /* AKBaseViewController.m */; };
		C55CBE891DE54AC90000B1F6 /* AKPopupViewController.m in Sources */ = {isa = PBXBuildFile; fileRef = C55CBE6C1DE54AC90000B1F6 /* AKPopupViewController.m */; };
		C55CBE8A1DE54AC90000B1F6 /* AKTabbarControllerFactory.m in Sources */ = {isa = PBXBuildFile; fileRef = C55CBE6F1DE54AC90000B1F6 /* AKTabbarControllerFactory.m */; };
		C55CBE8B1DE54AC90000B1F6 /* AppHelper.m in Sources */ = {isa = PBXBuildFile; fileRef = C55CBE721DE54AC90000B1F6 /* AppHelper.m */; };
		C55CBE8C1DE54AC90000B1F6 /* DeviceHelper.m in Sources */ = {isa = PBXBuildFile; fileRef = C55CBE741DE54AC90000B1F6 /* DeviceHelper.m */; };
		C55CBE8D1DE54AC90000B1F6 /* FileHelper.m in Sources */ = {isa = PBXBuildFile; fileRef = C55CBE761DE54AC90000B1F6 /* FileHelper.m */; };
		C55CBE8E1DE54AC90000B1F6 /* AKBaseModel.m in Sources */ = {isa = PBXBuildFile; fileRef = C55CBE7B1DE54AC90000B1F6 /* AKBaseModel.m */; };
		C55CBE8F1DE54AC90000B1F6 /* AKCYLPlusButton.m in Sources */ = {isa = PBXBuildFile; fileRef = C55CBE7E1DE54AC90000B1F6 /* AKCYLPlusButton.m */; };
		C55CBF521DE5614E0000B1F6 /* AKTimerManager.m in Sources */ = {isa = PBXBuildFile; fileRef = C55CBF511DE5614E0000B1F6 /* AKTimerManager.m */; };
		C5A730171DE2BB3400DB2788 /* main.m in Sources */ = {isa = PBXBuildFile; fileRef = C5A730161DE2BB3400DB2788 /* main.m */; };
		C5A7301A1DE2BB3400DB2788 /* AppDelegate.m in Sources */ = {isa = PBXBuildFile; fileRef = C5A730191DE2BB3400DB2788 /* AppDelegate.m */; };
		C5A7301D1DE2BB3400DB2788 /* ViewController.m in Sources */ = {isa = PBXBuildFile; fileRef = C5A7301C1DE2BB3400DB2788 /* ViewController.m */; };
		C5A730201DE2BB3400DB2788 /* Main.storyboard in Resources */ = {isa = PBXBuildFile; fileRef = C5A7301E1DE2BB3400DB2788 /* Main.storyboard */; };
		C5A730221DE2BB3400DB2788 /* Assets.xcassets in Resources */ = {isa = PBXBuildFile; fileRef = C5A730211DE2BB3400DB2788 /* Assets.xcassets */; };
		C5A730251DE2BB3400DB2788 /* LaunchScreen.storyboard in Resources */ = {isa = PBXBuildFile; fileRef = C5A730231DE2BB3400DB2788 /* LaunchScreen.storyboard */; };
		C5A730301DE2BB3500DB2788 /* ProjectTests.m in Sources */ = {isa = PBXBuildFile; fileRef = C5A7302F1DE2BB3500DB2788 /* ProjectTests.m */; };
		C5A7303B1DE2BB3500DB2788 /* ProjectUITests.m in Sources */ = {isa = PBXBuildFile; fileRef = C5A7303A1DE2BB3500DB2788 /* ProjectUITests.m */; };
		C5A730E61DE2CF7000DB2788 /* AKLoginViewController.m in Sources */ = {isa = PBXBuildFile; fileRef = C5A730E51DE2CF7000DB2788 /* AKLoginViewController.m */; };
		C5A730EB1DE2D2A600DB2788 /* AKLoginButton.m in Sources */ = {isa = PBXBuildFile; fileRef = C5A730EA1DE2D2A600DB2788 /* AKLoginButton.m */; };
		C5A730EE1DE2D32400DB2788 /* AKLoginButtonGroup.m in Sources */ = {isa = PBXBuildFile; fileRef = C5A730ED1DE2D32400DB2788 /* AKLoginButtonGroup.m */; };
		C5A730F11DE2D3B700DB2788 /* AKMediator+LoginModule.m in Sources */ = {isa = PBXBuildFile; fileRef = C5A730F01DE2D3B700DB2788 /* AKMediator+LoginModule.m */; };
		C5A730F61DE2D70700DB2788 /* ServiceLogin.m in Sources */ = {isa = PBXBuildFile; fileRef = C5A730F51DE2D70700DB2788 /* ServiceLogin.m */; };
		C5A731011DE2D79000DB2788 /* AKMediator+MapModule.m in Sources */ = {isa = PBXBuildFile; fileRef = C5A730FC1DE2D79000DB2788 /* AKMediator+MapModule.m */; };
		C5A731041DE2D7CF00DB2788 /* ServiceMap.m in Sources */ = {isa = PBXBuildFile; fileRef = C5A731031DE2D7CF00DB2788 /* ServiceMap.m */; };
		C5A731071DE2D82800DB2788 /* AKMapViewController.m in Sources */ = {isa = PBXBuildFile; fileRef = C5A731061DE2D82800DB2788 /* AKMapViewController.m */; };
		C5A7310F1DE2DCED00DB2788 /* LoginModule.xcassets in Resources */ = {isa = PBXBuildFile; fileRef = C5A7310E1DE2DCED00DB2788 /* LoginModule.xcassets */; };
		C5A731161DE2E8F000DB2788 /* MapModule.xcassets in Resources */ = {isa = PBXBuildFile; fileRef = C5A731151DE2E8F000DB2788 /* MapModule.xcassets */; };
		C5A731271DE2EB3500DB2788 /* HBBaseRoundButton.m in Sources */ = {isa = PBXBuildFile; fileRef = C5A7311E1DE2EB3500DB2788 /* HBBaseRoundButton.m */; };
		C5A731281DE2EB3500DB2788 /* HBLocationButton.m in Sources */ = {isa = PBXBuildFile; fileRef = C5A731201DE2EB3500DB2788 /* HBLocationButton.m */; };
		C5A7315D1DE3260600DB2788 /* Aspect-ShareModule.m in Sources */ = {isa = PBXBuildFile; fileRef = C5A7315C1DE3260600DB2788 /* Aspect-ShareModule.m */; };
		C5A731671DE3281800DB2788 /* Aspect-MapModule.m in Sources */ = {isa = PBXBuildFile; fileRef = C5A731661DE3281800DB2788 /* Aspect-MapModule.m */; };
		C5A7316D1DE32BFE00DB2788 /* AKMediator+ShareModule.m in Sources */ = {isa = PBXBuildFile; fileRef = C5A7316C1DE32BFE00DB2788 /* AKMediator+ShareModule.m */; };
		C5A731701DE32C0E00DB2788 /* ServiceShare.m in Sources */ = {isa = PBXBuildFile; fileRef = C5A7316F1DE32C0E00DB2788 /* ServiceShare.m */; };
		C5A731751DE3D7B100DB2788 /* AKRequestManager+LoginModule.m in Sources */ = {isa = PBXBuildFile; fileRef = C5A731741DE3D7B100DB2788 /* AKRequestManager+LoginModule.m */; };
/* End PBXBuildFile section */

/* Begin PBXContainerItemProxy section */
		C5A7302C1DE2BB3500DB2788 /* PBXContainerItemProxy */ = {
			isa = PBXContainerItemProxy;
			containerPortal = C5A7300A1DE2BB3400DB2788 /* Project object */;
			proxyType = 1;
			remoteGlobalIDString = C5A730111DE2BB3400DB2788;
			remoteInfo = Project;
		};
		C5A730371DE2BB3500DB2788 /* PBXContainerItemProxy */ = {
			isa = PBXContainerItemProxy;
			containerPortal = C5A7300A1DE2BB3400DB2788 /* Project object */;
			proxyType = 1;
			remoteGlobalIDString = C5A730111DE2BB3400DB2788;
			remoteInfo = Project;
		};
/* End PBXContainerItemProxy section */

/* Begin PBXFileReference section */
		3EF56A8A82919CDF6E89C8BF /* Pods-Project.release.xcconfig */ = {isa = PBXFileReference; includeInIndex = 1; lastKnownFileType = text.xcconfig; name = "Pods-Project.release.xcconfig"; path = "Pods/Target Support Files/Pods-Project/Pods-Project.release.xcconfig"; sourceTree = "<group>"; };
		A30DD066B519865DD11DD4A9 /* libPods-Project.a */ = {isa = PBXFileReference; explicitFileType = archive.ar; includeInIndex = 0; path = "libPods-Project.a"; sourceTree = BUILT_PRODUCTS_DIR; };
		B69DE62C8EB3C23ADC38EDB6 /* Pods-Project.debug.xcconfig */ = {isa = PBXFileReference; includeInIndex = 1; lastKnownFileType = text.xcconfig; name = "Pods-Project.debug.xcconfig"; path = "Pods/Target Support Files/Pods-Project/Pods-Project.debug.xcconfig"; sourceTree = "<group>"; };
		C538064E1DE5724400A2322D /* AKTimerProtocol.h */ = {isa = PBXFileReference; fileEncoding = 4; lastKnownFileType = sourcecode.c.h; path = AKTimerProtocol.h; sourceTree = "<group>"; };
		C53806511DE59D9800A2322D /* AKTimer.h */ = {isa = PBXFileReference; fileEncoding = 4; lastKnownFileType = sourcecode.c.h; path = AKTimer.h; sourceTree = "<group>"; };
		C53806521DE59D9800A2322D /* AKTimer.m */ = {isa = PBXFileReference; fileEncoding = 4; lastKnownFileType = sourcecode.c.objc; path = AKTimer.m; sourceTree = "<group>"; };
		C53806561DE68C9B00A2322D /* AKUserPointAnnotation.h */ = {isa = PBXFileReference; fileEncoding = 4; lastKnownFileType = sourcecode.c.h; path = AKUserPointAnnotation.h; sourceTree = "<group>"; };
		C53806571DE68C9B00A2322D /* AKUserPointAnnotation.m */ = {isa = PBXFileReference; fileEncoding = 4; lastKnownFileType = sourcecode.c.objc; path = AKUserPointAnnotation.m; sourceTree = "<group>"; };
		C53806591DE6922100A2322D /* AKUserPinAnnotationView.h */ = {isa = PBXFileReference; fileEncoding = 4; lastKnownFileType = sourcecode.c.h; path = AKUserPinAnnotationView.h; sourceTree = "<group>"; };
		C538065A1DE6922100A2322D /* AKUserPinAnnotationView.m */ = {isa = PBXFileReference; fileEncoding = 4; lastKnownFileType = sourcecode.c.objc; path = AKUserPinAnnotationView.m; sourceTree = "<group>"; };
		C538065C1DE6B4C300A2322D /* AKMapManager.h */ = {isa = PBXFileReference; fileEncoding = 4; lastKnownFileType = sourcecode.c.h; path = AKMapManager.h; sourceTree = "<group>"; };
		C538065D1DE6B4C300A2322D /* AKMapManager.m */ = {isa = PBXFileReference; fileEncoding = 4; lastKnownFileType = sourcecode.c.objc; path = AKMapManager.m; sourceTree = "<group>"; };
		C53806611DE6D06400A2322D /* AKDBManager.h */ = {isa = PBXFileReference; fileEncoding = 4; lastKnownFileType = sourcecode.c.h; path = AKDBManager.h; sourceTree = "<group>"; };
		C53806621DE6D06400A2322D /* AKDBManager.m */ = {isa = PBXFileReference; fileEncoding = 4; lastKnownFileType = sourcecode.c.objc; path = AKDBManager.m; sourceTree = "<group>"; };
		C53806641DE6D48F00A2322D /* AKMacro.h */ = {isa = PBXFileReference; fileEncoding = 4; lastKnownFileType = sourcecode.c.h; path = AKMacro.h; sourceTree = "<group>"; };
		C538066A1DE71A0900A2322D /* AKDBManager+UserModel.h */ = {isa = PBXFileReference; fileEncoding = 4; lastKnownFileType = sourcecode.c.h; path = "AKDBManager+UserModel.h"; sourceTree = "<group>"; };
		C538066B1DE71A0900A2322D /* AKDBManager+UserModel.m */ = {isa = PBXFileReference; fileEncoding = 4; lastKnownFileType = sourcecode.c.objc; path = "AKDBManager+UserModel.m"; sourceTree = "<group>"; };
		C55CBE1F1DE436570000B1F6 /* AKRequestHeader.h */ = {isa = PBXFileReference; fileEncoding = 4; lastKnownFileType = sourcecode.c.h; path = AKRequestHeader.h; sourceTree = "<group>"; };
		C55CBE201DE436570000B1F6 /* AKRequestHeader.m */ = {isa = PBXFileReference; fileEncoding = 4; lastKnownFileType = sourcecode.c.objc; path = AKRequestHeader.m; sourceTree = "<group>"; };
		C55CBE231DE4405E0000B1F6 /* ThirdLoginAPI.h */ = {isa = PBXFileReference; fileEncoding = 4; lastKnownFileType = sourcecode.c.h; path = ThirdLoginAPI.h; sourceTree = "<group>"; };
		C55CBE241DE4405E0000B1F6 /* ThirdLoginAPI.m */ = {isa = PBXFileReference; fileEncoding = 4; lastKnownFileType = sourcecode.c.objc; path = ThirdLoginAPI.m; sourceTree = "<group>"; };
		C55CBE2B1DE4428E0000B1F6 /* AKMediator+UserModule.h */ = {isa = PBXFileReference; fileEncoding = 4; lastKnownFileType = sourcecode.c.h; path = "AKMediator+UserModule.h"; sourceTree = "<group>"; };
		C55CBE2C1DE4428E0000B1F6 /* AKMediator+UserModule.m */ = {isa = PBXFileReference; fileEncoding = 4; lastKnownFileType = sourcecode.c.objc; path = "AKMediator+UserModule.m"; sourceTree = "<group>"; };
		C55CBE371DE442A40000B1F6 /* UserModule.h */ = {isa = PBXFileReference; lastKnownFileType = sourcecode.c.h; path = UserModule.h; sourceTree = "<group>"; };
		C55CBE381DE442AF0000B1F6 /* UserModuleDefine.h */ = {isa = PBXFileReference; lastKnownFileType = sourcecode.c.h; path = UserModuleDefine.h; sourceTree = "<group>"; };
		C55CBE391DE442FF0000B1F6 /* ServiceUser.h */ = {isa = PBXFileReference; fileEncoding = 4; lastKnownFileType = sourcecode.c.h; path = ServiceUser.h; sourceTree = "<group>"; };
		C55CBE3A1DE442FF0000B1F6 /* ServiceUser.m */ = {isa = PBXFileReference; fileEncoding = 4; lastKnownFileType = sourcecode.c.objc; path = ServiceUser.m; sourceTree = "<group>"; };
		C55CBE411DE445220000B1F6 /* UserModel.h */ = {isa = PBXFileReference; fileEncoding = 4; lastKnownFileType = sourcecode.c.h; path = UserModel.h; sourceTree = "<group>"; };
		C55CBE421DE445220000B1F6 /* UserModel.m */ = {isa = PBXFileReference; fileEncoding = 4; lastKnownFileType = sourcecode.c.objc; path = UserModel.m; sourceTree = "<group>"; };
		C55CBE471DE447430000B1F6 /* AKDataCenter+UserModule.h */ = {isa = PBXFileReference; fileEncoding = 4; lastKnownFileType = sourcecode.c.h; path = "AKDataCenter+UserModule.h"; sourceTree = "<group>"; };
		C55CBE481DE447430000B1F6 /* AKDataCenter+UserModule.m */ = {isa = PBXFileReference; fileEncoding = 4; lastKnownFileType = sourcecode.c.objc; path = "AKDataCenter+UserModule.m"; sourceTree = "<group>"; };
		C55CBE4B1DE52D1F0000B1F6 /* AKUserManager.h */ = {isa = PBXFileReference; fileEncoding = 4; lastKnownFileType = sourcecode.c.h; path = AKUserManager.h; sourceTree = "<group>"; };
		C55CBE4C1DE52D1F0000B1F6 /* AKUserManager.m */ = {isa = PBXFileReference; fileEncoding = 4; lastKnownFileType = sourcecode.c.objc; path = AKUserManager.m; sourceTree = "<group>"; };
		C55CBE501DE54AC90000B1F6 /* AKAppDelegate.h */ = {isa = PBXFileReference; fileEncoding = 4; lastKnownFileType = sourcecode.c.h; path = AKAppDelegate.h; sourceTree = "<group>"; };
		C55CBE511DE54AC90000B1F6 /* AKAppDelegate.m */ = {isa = PBXFileReference; fileEncoding = 4; lastKnownFileType = sourcecode.c.objc; path = AKAppDelegate.m; sourceTree = "<group>"; };
		C55CBE521DE54AC90000B1F6 /* BaseModule.h */ = {isa = PBXFileReference; fileEncoding = 4; lastKnownFileType = sourcecode.c.h; path = BaseModule.h; sourceTree = "<group>"; };
		C55CBE531DE54AC90000B1F6 /* BaseModule.xcassets */ = {isa = PBXFileReference; lastKnownFileType = folder.assetcatalog; path = BaseModule.xcassets; sourceTree = "<group>"; };
		C55CBE541DE54AC90000B1F6 /* BaseModuleDefine.h */ = {isa = PBXFileReference; fileEncoding = 4; lastKnownFileType = sourcecode.c.h; path = BaseModuleDefine.h; sourceTree = "<group>"; };
		C55CBE571DE54AC90000B1F6 /* AKDataCenter.h */ = {isa = PBXFileReference; fileEncoding = 4; lastKnownFileType = sourcecode.c.h; path = AKDataCenter.h; sourceTree = "<group>"; };
		C55CBE581DE54AC90000B1F6 /* AKDataCenter.m */ = {isa = PBXFileReference; fileEncoding = 4; lastKnownFileType = sourcecode.c.objc; path = AKDataCenter.m; sourceTree = "<group>"; };
		C55CBE591DE54AC90000B1F6 /* AKDataCenterObjectProtocol.h */ = {isa = PBXFileReference; fileEncoding = 4; lastKnownFileType = sourcecode.c.h; path = AKDataCenterObjectProtocol.h; sourceTree = "<group>"; };
		C55CBE5B1DE54AC90000B1F6 /* AKMediator.h */ = {isa = PBXFileReference; fileEncoding = 4; lastKnownFileType = sourcecode.c.h; path = AKMediator.h; sourceTree = "<group>"; };
		C55CBE5C1DE54AC90000B1F6 /* AKMediator.m */ = {isa = PBXFileReference; fileEncoding = 4; lastKnownFileType = sourcecode.c.objc; path = AKMediator.m; sourceTree = "<group>"; };
		C55CBE5E1DE54AC90000B1F6 /* AKRequestManager.h */ = {isa = PBXFileReference; fileEncoding = 4; lastKnownFileType = sourcecode.c.h; path = AKRequestManager.h; sourceTree = "<group>"; };
		C55CBE5F1DE54AC90000B1F6 /* AKRequestManager.m */ = {isa = PBXFileReference; fileEncoding = 4; lastKnownFileType = sourcecode.c.objc; path = AKRequestManager.m; sourceTree = "<group>"; };
		C55CBE611DE54AC90000B1F6 /* AKBaseRequest.h */ = {isa = PBXFileReference; fileEncoding = 4; lastKnownFileType = sourcecode.c.h; path = AKBaseRequest.h; sourceTree = "<group>"; };
		C55CBE621DE54AC90000B1F6 /* AKBaseRequest.m */ = {isa = PBXFileReference; fileEncoding = 4; lastKnownFileType = sourcecode.c.objc; path = AKBaseRequest.m; sourceTree = "<group>"; };
		C55CBE641DE54AC90000B1F6 /* AKPopupManager.h */ = {isa = PBXFileReference; fileEncoding = 4; lastKnownFileType = sourcecode.c.h; path = AKPopupManager.h; sourceTree = "<group>"; };
		C55CBE651DE54AC90000B1F6 /* AKPopupManager.m */ = {isa = PBXFileReference; fileEncoding = 4; lastKnownFileType = sourcecode.c.objc; path = AKPopupManager.m; sourceTree = "<group>"; };
		C55CBE661DE54AC90000B1F6 /* AKPopupViewProtocol.h */ = {isa = PBXFileReference; fileEncoding = 4; lastKnownFileType = sourcecode.c.h; path = AKPopupViewProtocol.h; sourceTree = "<group>"; };
		C55CBE681DE54AC90000B1F6 /* AKBaseViewController.h */ = {isa = PBXFileReference; fileEncoding = 4; lastKnownFileType = sourcecode.c.h; path = AKBaseViewController.h; sourceTree = "<group>"; };
		C55CBE691DE54AC90000B1F6 /* AKBaseViewController.m */ = {isa = PBXFileReference; fileEncoding = 4; lastKnownFileType = sourcecode.c.objc; path = AKBaseViewController.m; sourceTree = "<group>"; };
		C55CBE6B1DE54AC90000B1F6 /* AKPopupViewController.h */ = {isa = PBXFileReference; fileEncoding = 4; lastKnownFileType = sourcecode.c.h; path = AKPopupViewController.h; sourceTree = "<group>"; };
		C55CBE6C1DE54AC90000B1F6 /* AKPopupViewController.m */ = {isa = PBXFileReference; fileEncoding = 4; lastKnownFileType = sourcecode.c.objc; path = AKPopupViewController.m; sourceTree = "<group>"; };
		C55CBE6E1DE54AC90000B1F6 /* AKTabbarControllerFactory.h */ = {isa = PBXFileReference; fileEncoding = 4; lastKnownFileType = sourcecode.c.h; path = AKTabbarControllerFactory.h; sourceTree = "<group>"; };
		C55CBE6F1DE54AC90000B1F6 /* AKTabbarControllerFactory.m */ = {isa = PBXFileReference; fileEncoding = 4; lastKnownFileType = sourcecode.c.objc; path = AKTabbarControllerFactory.m; sourceTree = "<group>"; };
		C55CBE711DE54AC90000B1F6 /* AppHelper.h */ = {isa = PBXFileReference; fileEncoding = 4; lastKnownFileType = sourcecode.c.h; path = AppHelper.h; sourceTree = "<group>"; };
		C55CBE721DE54AC90000B1F6 /* AppHelper.m */ = {isa = PBXFileReference; fileEncoding = 4; lastKnownFileType = sourcecode.c.objc; path = AppHelper.m; sourceTree = "<group>"; };
		C55CBE731DE54AC90000B1F6 /* DeviceHelper.h */ = {isa = PBXFileReference; fileEncoding = 4; lastKnownFileType = sourcecode.c.h; path = DeviceHelper.h; sourceTree = "<group>"; };
		C55CBE741DE54AC90000B1F6 /* DeviceHelper.m */ = {isa = PBXFileReference; fileEncoding = 4; lastKnownFileType = sourcecode.c.objc; path = DeviceHelper.m; sourceTree = "<group>"; };
		C55CBE751DE54AC90000B1F6 /* FileHelper.h */ = {isa = PBXFileReference; fileEncoding = 4; lastKnownFileType = sourcecode.c.h; path = FileHelper.h; sourceTree = "<group>"; };
		C55CBE761DE54AC90000B1F6 /* FileHelper.m */ = {isa = PBXFileReference; fileEncoding = 4; lastKnownFileType = sourcecode.c.objc; path = FileHelper.m; sourceTree = "<group>"; };
		C55CBE7A1DE54AC90000B1F6 /* AKBaseModel.h */ = {isa = PBXFileReference; fileEncoding = 4; lastKnownFileType = sourcecode.c.h; path = AKBaseModel.h; sourceTree = "<group>"; };
		C55CBE7B1DE54AC90000B1F6 /* AKBaseModel.m */ = {isa = PBXFileReference; fileEncoding = 4; lastKnownFileType = sourcecode.c.objc; path = AKBaseModel.m; sourceTree = "<group>"; };
		C55CBE7D1DE54AC90000B1F6 /* AKCYLPlusButton.h */ = {isa = PBXFileReference; fileEncoding = 4; lastKnownFileType = sourcecode.c.h; path = AKCYLPlusButton.h; sourceTree = "<group>"; };
		C55CBE7E1DE54AC90000B1F6 /* AKCYLPlusButton.m */ = {isa = PBXFileReference; fileEncoding = 4; lastKnownFileType = sourcecode.c.objc; path = AKCYLPlusButton.m; sourceTree = "<group>"; };
		C55CBF501DE5614E0000B1F6 /* AKTimerManager.h */ = {isa = PBXFileReference; fileEncoding = 4; lastKnownFileType = sourcecode.c.h; path = AKTimerManager.h; sourceTree = "<group>"; };
		C55CBF511DE5614E0000B1F6 /* AKTimerManager.m */ = {isa = PBXFileReference; fileEncoding = 4; lastKnownFileType = sourcecode.c.objc; path = AKTimerManager.m; sourceTree = "<group>"; };
		C5A730121DE2BB3400DB2788 /* Project.app */ = {isa = PBXFileReference; explicitFileType = wrapper.application; includeInIndex = 0; path = Project.app; sourceTree = BUILT_PRODUCTS_DIR; };
		C5A730161DE2BB3400DB2788 /* main.m */ = {isa = PBXFileReference; lastKnownFileType = sourcecode.c.objc; path = main.m; sourceTree = "<group>"; };
		C5A730181DE2BB3400DB2788 /* AppDelegate.h */ = {isa = PBXFileReference; lastKnownFileType = sourcecode.c.h; path = AppDelegate.h; sourceTree = "<group>"; };
		C5A730191DE2BB3400DB2788 /* AppDelegate.m */ = {isa = PBXFileReference; lastKnownFileType = sourcecode.c.objc; path = AppDelegate.m; sourceTree = "<group>"; };
		C5A7301B1DE2BB3400DB2788 /* ViewController.h */ = {isa = PBXFileReference; lastKnownFileType = sourcecode.c.h; path = ViewController.h; sourceTree = "<group>"; };
		C5A7301C1DE2BB3400DB2788 /* ViewController.m */ = {isa = PBXFileReference; lastKnownFileType = sourcecode.c.objc; path = ViewController.m; sourceTree = "<group>"; };
		C5A7301F1DE2BB3400DB2788 /* Base */ = {isa = PBXFileReference; lastKnownFileType = file.storyboard; name = Base; path = Base.lproj/Main.storyboard; sourceTree = "<group>"; };
		C5A730211DE2BB3400DB2788 /* Assets.xcassets */ = {isa = PBXFileReference; lastKnownFileType = folder.assetcatalog; path = Assets.xcassets; sourceTree = "<group>"; };
		C5A730241DE2BB3400DB2788 /* Base */ = {isa = PBXFileReference; lastKnownFileType = file.storyboard; name = Base; path = Base.lproj/LaunchScreen.storyboard; sourceTree = "<group>"; };
		C5A730261DE2BB3500DB2788 /* Info.plist */ = {isa = PBXFileReference; lastKnownFileType = text.plist.xml; path = Info.plist; sourceTree = "<group>"; };
		C5A7302B1DE2BB3500DB2788 /* ProjectTests.xctest */ = {isa = PBXFileReference; explicitFileType = wrapper.cfbundle; includeInIndex = 0; path = ProjectTests.xctest; sourceTree = BUILT_PRODUCTS_DIR; };
		C5A7302F1DE2BB3500DB2788 /* ProjectTests.m */ = {isa = PBXFileReference; lastKnownFileType = sourcecode.c.objc; path = ProjectTests.m; sourceTree = "<group>"; };
		C5A730311DE2BB3500DB2788 /* Info.plist */ = {isa = PBXFileReference; lastKnownFileType = text.plist.xml; path = Info.plist; sourceTree = "<group>"; };
		C5A730361DE2BB3500DB2788 /* ProjectUITests.xctest */ = {isa = PBXFileReference; explicitFileType = wrapper.cfbundle; includeInIndex = 0; path = ProjectUITests.xctest; sourceTree = BUILT_PRODUCTS_DIR; };
		C5A7303A1DE2BB3500DB2788 /* ProjectUITests.m */ = {isa = PBXFileReference; lastKnownFileType = sourcecode.c.objc; path = ProjectUITests.m; sourceTree = "<group>"; };
		C5A7303C1DE2BB3500DB2788 /* Info.plist */ = {isa = PBXFileReference; lastKnownFileType = text.plist.xml; path = Info.plist; sourceTree = "<group>"; };
		C5A730E41DE2CF7000DB2788 /* AKLoginViewController.h */ = {isa = PBXFileReference; fileEncoding = 4; lastKnownFileType = sourcecode.c.h; path = AKLoginViewController.h; sourceTree = "<group>"; };
		C5A730E51DE2CF7000DB2788 /* AKLoginViewController.m */ = {isa = PBXFileReference; fileEncoding = 4; lastKnownFileType = sourcecode.c.objc; path = AKLoginViewController.m; sourceTree = "<group>"; };
		C5A730E91DE2D2A600DB2788 /* AKLoginButton.h */ = {isa = PBXFileReference; fileEncoding = 4; lastKnownFileType = sourcecode.c.h; path = AKLoginButton.h; sourceTree = "<group>"; };
		C5A730EA1DE2D2A600DB2788 /* AKLoginButton.m */ = {isa = PBXFileReference; fileEncoding = 4; lastKnownFileType = sourcecode.c.objc; path = AKLoginButton.m; sourceTree = "<group>"; };
		C5A730EC1DE2D32400DB2788 /* AKLoginButtonGroup.h */ = {isa = PBXFileReference; fileEncoding = 4; lastKnownFileType = sourcecode.c.h; path = AKLoginButtonGroup.h; sourceTree = "<group>"; };
		C5A730ED1DE2D32400DB2788 /* AKLoginButtonGroup.m */ = {isa = PBXFileReference; fileEncoding = 4; lastKnownFileType = sourcecode.c.objc; path = AKLoginButtonGroup.m; sourceTree = "<group>"; };
		C5A730EF1DE2D3B700DB2788 /* AKMediator+LoginModule.h */ = {isa = PBXFileReference; fileEncoding = 4; lastKnownFileType = sourcecode.c.h; path = "AKMediator+LoginModule.h"; sourceTree = "<group>"; };
		C5A730F01DE2D3B700DB2788 /* AKMediator+LoginModule.m */ = {isa = PBXFileReference; fileEncoding = 4; lastKnownFileType = sourcecode.c.objc; path = "AKMediator+LoginModule.m"; sourceTree = "<group>"; };
		C5A730F31DE2D40900DB2788 /* PrefixHeader.pch */ = {isa = PBXFileReference; fileEncoding = 4; lastKnownFileType = sourcecode.c.h; path = PrefixHeader.pch; sourceTree = "<group>"; };
		C5A730F41DE2D70700DB2788 /* ServiceLogin.h */ = {isa = PBXFileReference; fileEncoding = 4; lastKnownFileType = sourcecode.c.h; path = ServiceLogin.h; sourceTree = "<group>"; };
		C5A730F51DE2D70700DB2788 /* ServiceLogin.m */ = {isa = PBXFileReference; fileEncoding = 4; lastKnownFileType = sourcecode.c.objc; path = ServiceLogin.m; sourceTree = "<group>"; };
		C5A730F71DE2D79000DB2788 /* MapModuleDefine.h */ = {isa = PBXFileReference; fileEncoding = 4; lastKnownFileType = sourcecode.c.h; path = MapModuleDefine.h; sourceTree = "<group>"; };
		C5A730FB1DE2D79000DB2788 /* AKMediator+MapModule.h */ = {isa = PBXFileReference; fileEncoding = 4; lastKnownFileType = sourcecode.c.h; path = "AKMediator+MapModule.h"; sourceTree = "<group>"; };
		C5A730FC1DE2D79000DB2788 /* AKMediator+MapModule.m */ = {isa = PBXFileReference; fileEncoding = 4; lastKnownFileType = sourcecode.c.objc; path = "AKMediator+MapModule.m"; sourceTree = "<group>"; };
		C5A731021DE2D7CF00DB2788 /* ServiceMap.h */ = {isa = PBXFileReference; fileEncoding = 4; lastKnownFileType = sourcecode.c.h; path = ServiceMap.h; sourceTree = "<group>"; };
		C5A731031DE2D7CF00DB2788 /* ServiceMap.m */ = {isa = PBXFileReference; fileEncoding = 4; lastKnownFileType = sourcecode.c.objc; path = ServiceMap.m; sourceTree = "<group>"; };
		C5A731051DE2D82800DB2788 /* AKMapViewController.h */ = {isa = PBXFileReference; fileEncoding = 4; lastKnownFileType = sourcecode.c.h; path = AKMapViewController.h; sourceTree = "<group>"; };
		C5A731061DE2D82800DB2788 /* AKMapViewController.m */ = {isa = PBXFileReference; fileEncoding = 4; lastKnownFileType = sourcecode.c.objc; path = AKMapViewController.m; sourceTree = "<group>"; };
		C5A731081DE2D92D00DB2788 /* LoginModule.h */ = {isa = PBXFileReference; lastKnownFileType = sourcecode.c.h; path = LoginModule.h; sourceTree = "<group>"; };
		C5A731091DE2D93B00DB2788 /* MapModule.h */ = {isa = PBXFileReference; lastKnownFileType = sourcecode.c.h; path = MapModule.h; sourceTree = "<group>"; };
		C5A7310E1DE2DCED00DB2788 /* LoginModule.xcassets */ = {isa = PBXFileReference; lastKnownFileType = folder.assetcatalog; path = LoginModule.xcassets; sourceTree = "<group>"; };
		C5A731151DE2E8F000DB2788 /* MapModule.xcassets */ = {isa = PBXFileReference; lastKnownFileType = folder.assetcatalog; path = MapModule.xcassets; sourceTree = "<group>"; };
		C5A7311D1DE2EB3500DB2788 /* HBBaseRoundButton.h */ = {isa = PBXFileReference; fileEncoding = 4; lastKnownFileType = sourcecode.c.h; path = HBBaseRoundButton.h; sourceTree = "<group>"; };
		C5A7311E1DE2EB3500DB2788 /* HBBaseRoundButton.m */ = {isa = PBXFileReference; fileEncoding = 4; lastKnownFileType = sourcecode.c.objc; path = HBBaseRoundButton.m; sourceTree = "<group>"; };
		C5A7311F1DE2EB3500DB2788 /* HBLocationButton.h */ = {isa = PBXFileReference; fileEncoding = 4; lastKnownFileType = sourcecode.c.h; path = HBLocationButton.h; sourceTree = "<group>"; };
		C5A731201DE2EB3500DB2788 /* HBLocationButton.m */ = {isa = PBXFileReference; fileEncoding = 4; lastKnownFileType = sourcecode.c.objc; path = HBLocationButton.m; sourceTree = "<group>"; };
		C5A7315B1DE3260600DB2788 /* Aspect-ShareModule.h */ = {isa = PBXFileReference; fileEncoding = 4; lastKnownFileType = sourcecode.c.h; path = "Aspect-ShareModule.h"; sourceTree = "<group>"; };
		C5A7315C1DE3260600DB2788 /* Aspect-ShareModule.m */ = {isa = PBXFileReference; fileEncoding = 4; lastKnownFileType = sourcecode.c.objc; path = "Aspect-ShareModule.m"; sourceTree = "<group>"; };
		C5A731651DE3281800DB2788 /* Aspect-MapModule.h */ = {isa = PBXFileReference; fileEncoding = 4; lastKnownFileType = sourcecode.c.h; path = "Aspect-MapModule.h"; sourceTree = "<group>"; };
		C5A731661DE3281800DB2788 /* Aspect-MapModule.m */ = {isa = PBXFileReference; fileEncoding = 4; lastKnownFileType = sourcecode.c.objc; path = "Aspect-MapModule.m"; sourceTree = "<group>"; };
		C5A731681DE3286800DB2788 /* ShareModule.h */ = {isa = PBXFileReference; lastKnownFileType = sourcecode.c.h; path = ShareModule.h; sourceTree = "<group>"; };
		C5A7316B1DE32BFE00DB2788 /* AKMediator+ShareModule.h */ = {isa = PBXFileReference; fileEncoding = 4; lastKnownFileType = sourcecode.c.h; path = "AKMediator+ShareModule.h"; sourceTree = "<group>"; };
		C5A7316C1DE32BFE00DB2788 /* AKMediator+ShareModule.m */ = {isa = PBXFileReference; fileEncoding = 4; lastKnownFileType = sourcecode.c.objc; path = "AKMediator+ShareModule.m"; sourceTree = "<group>"; };
		C5A7316E1DE32C0E00DB2788 /* ServiceShare.h */ = {isa = PBXFileReference; fileEncoding = 4; lastKnownFileType = sourcecode.c.h; path = ServiceShare.h; sourceTree = "<group>"; };
		C5A7316F1DE32C0E00DB2788 /* ServiceShare.m */ = {isa = PBXFileReference; fileEncoding = 4; lastKnownFileType = sourcecode.c.objc; path = ServiceShare.m; sourceTree = "<group>"; };
		C5A731731DE3D7B100DB2788 /* AKRequestManager+LoginModule.h */ = {isa = PBXFileReference; fileEncoding = 4; lastKnownFileType = sourcecode.c.h; path = "AKRequestManager+LoginModule.h"; sourceTree = "<group>"; };
		C5A731741DE3D7B100DB2788 /* AKRequestManager+LoginModule.m */ = {isa = PBXFileReference; fileEncoding = 4; lastKnownFileType = sourcecode.c.objc; path = "AKRequestManager+LoginModule.m"; sourceTree = "<group>"; };
/* End PBXFileReference section */

/* Begin PBXFrameworksBuildPhase section */
		C5A7300F1DE2BB3400DB2788 /* Frameworks */ = {
			isa = PBXFrameworksBuildPhase;
			buildActionMask = 2147483647;
			files = (
				087762743CE4650EF230D697 /* libPods-Project.a in Frameworks */,
			);
			runOnlyForDeploymentPostprocessing = 0;
		};
		C5A730281DE2BB3500DB2788 /* Frameworks */ = {
			isa = PBXFrameworksBuildPhase;
			buildActionMask = 2147483647;
			files = (
			);
			runOnlyForDeploymentPostprocessing = 0;
		};
		C5A730331DE2BB3500DB2788 /* Frameworks */ = {
			isa = PBXFrameworksBuildPhase;
			buildActionMask = 2147483647;
			files = (
			);
			runOnlyForDeploymentPostprocessing = 0;
		};
/* End PBXFrameworksBuildPhase section */

/* Begin PBXGroup section */
		5081BDA2465C07284CD0B97C /* Frameworks */ = {
			isa = PBXGroup;
			children = (
				A30DD066B519865DD11DD4A9 /* libPods-Project.a */,
			);
			name = Frameworks;
			sourceTree = "<group>";
		};
		921B060E72C64AB292EEA69B /* Pods */ = {
			isa = PBXGroup;
			children = (
				B69DE62C8EB3C23ADC38EDB6 /* Pods-Project.debug.xcconfig */,
				3EF56A8A82919CDF6E89C8BF /* Pods-Project.release.xcconfig */,
			);
			name = Pods;
			sourceTree = "<group>";
		};
		C53806601DE6D05800A2322D /* DBManager */ = {
			isa = PBXGroup;
			children = (
				C53806611DE6D06400A2322D /* AKDBManager.h */,
				C53806621DE6D06400A2322D /* AKDBManager.m */,
			);
			path = DBManager;
			sourceTree = "<group>";
		};
		C55CBE1E1DE436350000B1F6 /* Network */ = {
			isa = PBXGroup;
			children = (
				C55CBE1F1DE436570000B1F6 /* AKRequestHeader.h */,
				C55CBE201DE436570000B1F6 /* AKRequestHeader.m */,
			);
			path = Network;
			sourceTree = "<group>";
		};
		C55CBE221DE4405E0000B1F6 /* Request */ = {
			isa = PBXGroup;
			children = (
				C55CBE231DE4405E0000B1F6 /* ThirdLoginAPI.h */,
				C55CBE241DE4405E0000B1F6 /* ThirdLoginAPI.m */,
			);
			path = Request;
			sourceTree = "<group>";
		};
		C55CBE261DE4428E0000B1F6 /* UserModule */ = {
			isa = PBXGroup;
			children = (
				C55CBE401DE445180000B1F6 /* DataCenter */,
				C55CBE281DE4428E0000B1F6 /* Controller */,
				C55CBE291DE4428E0000B1F6 /* Manager */,
				C55CBE2A1DE4428E0000B1F6 /* Mediator */,
				C55CBE2D1DE4428E0000B1F6 /* Model */,
				C55CBE2E1DE4428E0000B1F6 /* Network */,
				C55CBE2F1DE4428E0000B1F6 /* Service */,
				C55CBE341DE4428E0000B1F6 /* View */,
				C55CBE371DE442A40000B1F6 /* UserModule.h */,
				C55CBE381DE442AF0000B1F6 /* UserModuleDefine.h */,
			);
			path = UserModule;
			sourceTree = "<group>";
		};
		C55CBE281DE4428E0000B1F6 /* Controller */ = {
			isa = PBXGroup;
			children = (
			);
			path = Controller;
			sourceTree = "<group>";
		};
		C55CBE291DE4428E0000B1F6 /* Manager */ = {
			isa = PBXGroup;
			children = (
				C55CBE4B1DE52D1F0000B1F6 /* AKUserManager.h */,
				C55CBE4C1DE52D1F0000B1F6 /* AKUserManager.m */,
			);
			path = Manager;
			sourceTree = "<group>";
		};
		C55CBE2A1DE4428E0000B1F6 /* Mediator */ = {
			isa = PBXGroup;
			children = (
				C55CBE2B1DE4428E0000B1F6 /* AKMediator+UserModule.h */,
				C55CBE2C1DE4428E0000B1F6 /* AKMediator+UserModule.m */,
			);
			path = Mediator;
			sourceTree = "<group>";
		};
		C55CBE2D1DE4428E0000B1F6 /* Model */ = {
			isa = PBXGroup;
			children = (
				C55CBE411DE445220000B1F6 /* UserModel.h */,
				C55CBE421DE445220000B1F6 /* UserModel.m */,
			);
			path = Model;
			sourceTree = "<group>";
		};
		C55CBE2E1DE4428E0000B1F6 /* Network */ = {
			isa = PBXGroup;
			children = (
			);
			path = Network;
			sourceTree = "<group>";
		};
		C55CBE2F1DE4428E0000B1F6 /* Service */ = {
			isa = PBXGroup;
			children = (
				C55CBE391DE442FF0000B1F6 /* ServiceUser.h */,
				C55CBE3A1DE442FF0000B1F6 /* ServiceUser.m */,
			);
			path = Service;
			sourceTree = "<group>";
		};
		C55CBE341DE4428E0000B1F6 /* View */ = {
			isa = PBXGroup;
			children = (
			);
			path = View;
			sourceTree = "<group>";
		};
		C55CBE401DE445180000B1F6 /* DataCenter */ = {
			isa = PBXGroup;
			children = (
				C55CBE471DE447430000B1F6 /* AKDataCenter+UserModule.h */,
				C55CBE481DE447430000B1F6 /* AKDataCenter+UserModule.m */,
				C538066A1DE71A0900A2322D /* AKDBManager+UserModel.h */,
				C538066B1DE71A0900A2322D /* AKDBManager+UserModel.m */,
			);
			path = DataCenter;
			sourceTree = "<group>";
		};
		C55CBE4E1DE54AC90000B1F6 /* BaseModule */ = {
			isa = PBXGroup;
			children = (
				C53806641DE6D48F00A2322D /* AKMacro.h */,
				C55CBE521DE54AC90000B1F6 /* BaseModule.h */,
				C55CBE541DE54AC90000B1F6 /* BaseModuleDefine.h */,
				C55CBE551DE54AC90000B1F6 /* Component */,
				C55CBE531DE54AC90000B1F6 /* BaseModule.xcassets */,
				C55CBE4F1DE54AC90000B1F6 /* App */,
				C55CBE671DE54AC90000B1F6 /* Controller */,
				C55CBE6D1DE54AC90000B1F6 /* Factory */,
				C55CBE701DE54AC90000B1F6 /* Helper */,
				C55CBE771DE54AC90000B1F6 /* Libs */,
				C55CBE791DE54AC90000B1F6 /* Model */,
				C55CBE7C1DE54AC90000B1F6 /* Tabbar */,
				C55CBE7F1DE54AC90000B1F6 /* Theme */,
				C55CBE801DE54AC90000B1F6 /* View */,
			);
			path = BaseModule;
			sourceTree = "<group>";
		};
		C55CBE4F1DE54AC90000B1F6 /* App */ = {
			isa = PBXGroup;
			children = (
				C55CBE501DE54AC90000B1F6 /* AKAppDelegate.h */,
				C55CBE511DE54AC90000B1F6 /* AKAppDelegate.m */,
			);
			path = App;
			sourceTree = "<group>";
		};
		C55CBE551DE54AC90000B1F6 /* Component */ = {
			isa = PBXGroup;
			children = (
				C55CBF4F1DE5613E0000B1F6 /* Timer */,
				C55CBE561DE54AC90000B1F6 /* DataCenter */,
				C55CBE5A1DE54AC90000B1F6 /* Mediator */,
				C55CBE5D1DE54AC90000B1F6 /* Network */,
				C55CBE631DE54AC90000B1F6 /* Popup */,
			);
			path = Component;
			sourceTree = "<group>";
		};
		C55CBE561DE54AC90000B1F6 /* DataCenter */ = {
			isa = PBXGroup;
			children = (
				C53806601DE6D05800A2322D /* DBManager */,
				C55CBE571DE54AC90000B1F6 /* AKDataCenter.h */,
				C55CBE581DE54AC90000B1F6 /* AKDataCenter.m */,
				C55CBE591DE54AC90000B1F6 /* AKDataCenterObjectProtocol.h */,
			);
			path = DataCenter;
			sourceTree = "<group>";
		};
		C55CBE5A1DE54AC90000B1F6 /* Mediator */ = {
			isa = PBXGroup;
			children = (
				C55CBE5B1DE54AC90000B1F6 /* AKMediator.h */,
				C55CBE5C1DE54AC90000B1F6 /* AKMediator.m */,
			);
			path = Mediator;
			sourceTree = "<group>";
		};
		C55CBE5D1DE54AC90000B1F6 /* Network */ = {
			isa = PBXGroup;
			children = (
				C55CBE5E1DE54AC90000B1F6 /* AKRequestManager.h */,
				C55CBE5F1DE54AC90000B1F6 /* AKRequestManager.m */,
				C55CBE601DE54AC90000B1F6 /* Request */,
			);
			path = Network;
			sourceTree = "<group>";
		};
		C55CBE601DE54AC90000B1F6 /* Request */ = {
			isa = PBXGroup;
			children = (
				C55CBE611DE54AC90000B1F6 /* AKBaseRequest.h */,
				C55CBE621DE54AC90000B1F6 /* AKBaseRequest.m */,
			);
			path = Request;
			sourceTree = "<group>";
		};
		C55CBE631DE54AC90000B1F6 /* Popup */ = {
			isa = PBXGroup;
			children = (
				C55CBE641DE54AC90000B1F6 /* AKPopupManager.h */,
				C55CBE651DE54AC90000B1F6 /* AKPopupManager.m */,
				C55CBE661DE54AC90000B1F6 /* AKPopupViewProtocol.h */,
			);
			path = Popup;
			sourceTree = "<group>";
		};
		C55CBE671DE54AC90000B1F6 /* Controller */ = {
			isa = PBXGroup;
			children = (
				C55CBE681DE54AC90000B1F6 /* AKBaseViewController.h */,
				C55CBE691DE54AC90000B1F6 /* AKBaseViewController.m */,
				C55CBE6A1DE54AC90000B1F6 /* Popup */,
			);
			path = Controller;
			sourceTree = "<group>";
		};
		C55CBE6A1DE54AC90000B1F6 /* Popup */ = {
			isa = PBXGroup;
			children = (
				C55CBE6B1DE54AC90000B1F6 /* AKPopupViewController.h */,
				C55CBE6C1DE54AC90000B1F6 /* AKPopupViewController.m */,
			);
			path = Popup;
			sourceTree = "<group>";
		};
		C55CBE6D1DE54AC90000B1F6 /* Factory */ = {
			isa = PBXGroup;
			children = (
				C55CBE6E1DE54AC90000B1F6 /* AKTabbarControllerFactory.h */,
				C55CBE6F1DE54AC90000B1F6 /* AKTabbarControllerFactory.m */,
			);
			path = Factory;
			sourceTree = "<group>";
		};
		C55CBE701DE54AC90000B1F6 /* Helper */ = {
			isa = PBXGroup;
			children = (
				C55CBE711DE54AC90000B1F6 /* AppHelper.h */,
				C55CBE721DE54AC90000B1F6 /* AppHelper.m */,
				C55CBE731DE54AC90000B1F6 /* DeviceHelper.h */,
				C55CBE741DE54AC90000B1F6 /* DeviceHelper.m */,
				C55CBE751DE54AC90000B1F6 /* FileHelper.h */,
				C55CBE761DE54AC90000B1F6 /* FileHelper.m */,
			);
			path = Helper;
			sourceTree = "<group>";
		};
		C55CBE771DE54AC90000B1F6 /* Libs */ = {
			isa = PBXGroup;
			children = (
				C55CBE781DE54AC90000B1F6 /* DeviceInfo */,
			);
			path = Libs;
			sourceTree = "<group>";
		};
		C55CBE781DE54AC90000B1F6 /* DeviceInfo */ = {
			isa = PBXGroup;
			children = (
			);
			path = DeviceInfo;
			sourceTree = "<group>";
		};
		C55CBE791DE54AC90000B1F6 /* Model */ = {
			isa = PBXGroup;
			children = (
				C55CBE7A1DE54AC90000B1F6 /* AKBaseModel.h */,
				C55CBE7B1DE54AC90000B1F6 /* AKBaseModel.m */,
			);
			path = Model;
			sourceTree = "<group>";
		};
		C55CBE7C1DE54AC90000B1F6 /* Tabbar */ = {
			isa = PBXGroup;
			children = (
				C55CBE7D1DE54AC90000B1F6 /* AKCYLPlusButton.h */,
				C55CBE7E1DE54AC90000B1F6 /* AKCYLPlusButton.m */,
			);
			path = Tabbar;
			sourceTree = "<group>";
		};
		C55CBE7F1DE54AC90000B1F6 /* Theme */ = {
			isa = PBXGroup;
			children = (
			);
			path = Theme;
			sourceTree = "<group>";
		};
		C55CBE801DE54AC90000B1F6 /* View */ = {
			isa = PBXGroup;
			children = (
			);
			path = View;
			sourceTree = "<group>";
		};
		C55CBE901DE54CC90000B1F6 /* IMModule */ = {
			isa = PBXGroup;
			children = (
			);
			path = IMModule;
			sourceTree = "<group>";
		};
		C55CBF4F1DE5613E0000B1F6 /* Timer */ = {
			isa = PBXGroup;
			children = (
				C538064E1DE5724400A2322D /* AKTimerProtocol.h */,
				C55CBF501DE5614E0000B1F6 /* AKTimerManager.h */,
				C55CBF511DE5614E0000B1F6 /* AKTimerManager.m */,
				C53806511DE59D9800A2322D /* AKTimer.h */,
				C53806521DE59D9800A2322D /* AKTimer.m */,
			);
			path = Timer;
			sourceTree = "<group>";
		};
		C5A730091DE2BB3400DB2788 = {
			isa = PBXGroup;
			children = (
				C5A730481DE2BD4200DB2788 /* Modules */,
				C5A730141DE2BB3400DB2788 /* Project */,
				C5A7302E1DE2BB3500DB2788 /* ProjectTests */,
				C5A730391DE2BB3500DB2788 /* ProjectUITests */,
				C5A730131DE2BB3400DB2788 /* Products */,
				921B060E72C64AB292EEA69B /* Pods */,
				5081BDA2465C07284CD0B97C /* Frameworks */,
			);
			sourceTree = "<group>";
		};
		C5A730131DE2BB3400DB2788 /* Products */ = {
			isa = PBXGroup;
			children = (
				C5A730121DE2BB3400DB2788 /* Project.app */,
				C5A7302B1DE2BB3500DB2788 /* ProjectTests.xctest */,
				C5A730361DE2BB3500DB2788 /* ProjectUITests.xctest */,
			);
			name = Products;
			sourceTree = "<group>";
		};
		C5A730141DE2BB3400DB2788 /* Project */ = {
			isa = PBXGroup;
			children = (
				C55CBE1E1DE436350000B1F6 /* Network */,
				C5A730181DE2BB3400DB2788 /* AppDelegate.h */,
				C5A730191DE2BB3400DB2788 /* AppDelegate.m */,
				C5A7301B1DE2BB3400DB2788 /* ViewController.h */,
				C5A7301C1DE2BB3400DB2788 /* ViewController.m */,
				C5A7301E1DE2BB3400DB2788 /* Main.storyboard */,
				C5A730211DE2BB3400DB2788 /* Assets.xcassets */,
				C5A730231DE2BB3400DB2788 /* LaunchScreen.storyboard */,
				C5A730261DE2BB3500DB2788 /* Info.plist */,
				C5A730151DE2BB3400DB2788 /* Supporting Files */,
			);
			path = Project;
			sourceTree = "<group>";
		};
		C5A730151DE2BB3400DB2788 /* Supporting Files */ = {
			isa = PBXGroup;
			children = (
				C5A730161DE2BB3400DB2788 /* main.m */,
				C5A730F31DE2D40900DB2788 /* PrefixHeader.pch */,
			);
			name = "Supporting Files";
			sourceTree = "<group>";
		};
		C5A7302E1DE2BB3500DB2788 /* ProjectTests */ = {
			isa = PBXGroup;
			children = (
				C5A7302F1DE2BB3500DB2788 /* ProjectTests.m */,
				C5A730311DE2BB3500DB2788 /* Info.plist */,
			);
			path = ProjectTests;
			sourceTree = "<group>";
		};
		C5A730391DE2BB3500DB2788 /* ProjectUITests */ = {
			isa = PBXGroup;
			children = (
				C5A7303A1DE2BB3500DB2788 /* ProjectUITests.m */,
				C5A7303C1DE2BB3500DB2788 /* Info.plist */,
			);
			path = ProjectUITests;
			sourceTree = "<group>";
		};
		C5A730481DE2BD4200DB2788 /* Modules */ = {
			isa = PBXGroup;
			children = (
				C55CBE901DE54CC90000B1F6 /* IMModule */,
				C55CBE4E1DE54AC90000B1F6 /* BaseModule */,
				C55CBE261DE4428E0000B1F6 /* UserModule */,
				C5A731441DE323D400DB2788 /* ShareModule */,
				C5A7304A1DE2BD4200DB2788 /* LoginModule */,
				C5A7304B1DE2BD4200DB2788 /* MapModule */,
			);
			path = Modules;
			sourceTree = "<group>";
		};
		C5A7304A1DE2BD4200DB2788 /* LoginModule */ = {
			isa = PBXGroup;
			children = (
				C5A731081DE2D92D00DB2788 /* LoginModule.h */,
				C5A7310E1DE2DCED00DB2788 /* LoginModule.xcassets */,
				C5A730CF1DE2CF4000DB2788 /* Controller */,
				C5A730D21DE2CF4000DB2788 /* Mediator */,
				C5A730D41DE2CF4000DB2788 /* Model */,
				C5A730D51DE2CF4000DB2788 /* Network */,
				C5A730D61DE2CF4000DB2788 /* Service */,
				C5A730D71DE2CF4000DB2788 /* View */,
			);
			path = LoginModule;
			sourceTree = "<group>";
		};
		C5A7304B1DE2BD4200DB2788 /* MapModule */ = {
			isa = PBXGroup;
			children = (
				C5A731611DE3268300DB2788 /* Aspect */,
				C5A7313A1DE2F09E00DB2788 /* Manager */,
				C5A731091DE2D93B00DB2788 /* MapModule.h */,
				C5A730F71DE2D79000DB2788 /* MapModuleDefine.h */,
				C5A731151DE2E8F000DB2788 /* MapModule.xcassets */,
				C5A730F81DE2D79000DB2788 /* Controller */,
				C5A730FA1DE2D79000DB2788 /* Mediator */,
				C5A730FD1DE2D79000DB2788 /* Model */,
				C5A730FE1DE2D79000DB2788 /* Network */,
				C5A730FF1DE2D79000DB2788 /* Service */,
				C5A731001DE2D79000DB2788 /* View */,
			);
			path = MapModule;
			sourceTree = "<group>";
		};
		C5A730CF1DE2CF4000DB2788 /* Controller */ = {
			isa = PBXGroup;
			children = (
				C5A730E41DE2CF7000DB2788 /* AKLoginViewController.h */,
				C5A730E51DE2CF7000DB2788 /* AKLoginViewController.m */,
			);
			path = Controller;
			sourceTree = "<group>";
		};
		C5A730D21DE2CF4000DB2788 /* Mediator */ = {
			isa = PBXGroup;
			children = (
				C5A730EF1DE2D3B700DB2788 /* AKMediator+LoginModule.h */,
				C5A730F01DE2D3B700DB2788 /* AKMediator+LoginModule.m */,
			);
			path = Mediator;
			sourceTree = "<group>";
		};
		C5A730D41DE2CF4000DB2788 /* Model */ = {
			isa = PBXGroup;
			children = (
			);
			path = Model;
			sourceTree = "<group>";
		};
		C5A730D51DE2CF4000DB2788 /* Network */ = {
			isa = PBXGroup;
			children = (
				C55CBE221DE4405E0000B1F6 /* Request */,
				C5A731731DE3D7B100DB2788 /* AKRequestManager+LoginModule.h */,
				C5A731741DE3D7B100DB2788 /* AKRequestManager+LoginModule.m */,
			);
			path = Network;
			sourceTree = "<group>";
		};
		C5A730D61DE2CF4000DB2788 /* Service */ = {
			isa = PBXGroup;
			children = (
				C5A730F41DE2D70700DB2788 /* ServiceLogin.h */,
				C5A730F51DE2D70700DB2788 /* ServiceLogin.m */,
			);
			path = Service;
			sourceTree = "<group>";
		};
		C5A730D71DE2CF4000DB2788 /* View */ = {
			isa = PBXGroup;
			children = (
				C5A730E91DE2D2A600DB2788 /* AKLoginButton.h */,
				C5A730EA1DE2D2A600DB2788 /* AKLoginButton.m */,
				C5A730EC1DE2D32400DB2788 /* AKLoginButtonGroup.h */,
				C5A730ED1DE2D32400DB2788 /* AKLoginButtonGroup.m */,
			);
			path = View;
			sourceTree = "<group>";
		};
		C5A730F81DE2D79000DB2788 /* Controller */ = {
			isa = PBXGroup;
			children = (
				C5A731051DE2D82800DB2788 /* AKMapViewController.h */,
				C5A731061DE2D82800DB2788 /* AKMapViewController.m */,
			);
			path = Controller;
			sourceTree = "<group>";
		};
		C5A730FA1DE2D79000DB2788 /* Mediator */ = {
			isa = PBXGroup;
			children = (
				C5A730FB1DE2D79000DB2788 /* AKMediator+MapModule.h */,
				C5A730FC1DE2D79000DB2788 /* AKMediator+MapModule.m */,
			);
			path = Mediator;
			sourceTree = "<group>";
		};
		C5A730FD1DE2D79000DB2788 /* Model */ = {
			isa = PBXGroup;
			children = (
			);
			path = Model;
			sourceTree = "<group>";
		};
		C5A730FE1DE2D79000DB2788 /* Network */ = {
			isa = PBXGroup;
			children = (
			);
			path = Network;
			sourceTree = "<group>";
		};
		C5A730FF1DE2D79000DB2788 /* Service */ = {
			isa = PBXGroup;
			children = (
				C5A731021DE2D7CF00DB2788 /* ServiceMap.h */,
				C5A731031DE2D7CF00DB2788 /* ServiceMap.m */,
			);
			path = Service;
			sourceTree = "<group>";
		};
		C5A731001DE2D79000DB2788 /* View */ = {
			isa = PBXGroup;
			children = (
				C5A731171DE2EB3500DB2788 /* Annotation */,
				C5A7311C1DE2EB3500DB2788 /* Button */,
			);
			path = View;
			sourceTree = "<group>";
		};
		C5A731171DE2EB3500DB2788 /* Annotation */ = {
			isa = PBXGroup;
			children = (
				C53806561DE68C9B00A2322D /* AKUserPointAnnotation.h */,
				C53806571DE68C9B00A2322D /* AKUserPointAnnotation.m */,
				C53806591DE6922100A2322D /* AKUserPinAnnotationView.h */,
				C538065A1DE6922100A2322D /* AKUserPinAnnotationView.m */,
			);
			path = Annotation;
			sourceTree = "<group>";
		};
		C5A7311C1DE2EB3500DB2788 /* Button */ = {
			isa = PBXGroup;
			children = (
				C5A7311D1DE2EB3500DB2788 /* HBBaseRoundButton.h */,
				C5A7311E1DE2EB3500DB2788 /* HBBaseRoundButton.m */,
				C5A7311F1DE2EB3500DB2788 /* HBLocationButton.h */,
				C5A731201DE2EB3500DB2788 /* HBLocationButton.m */,
			);
			path = Button;
			sourceTree = "<group>";
		};
		C5A7313A1DE2F09E00DB2788 /* Manager */ = {
			isa = PBXGroup;
			children = (
				C538065C1DE6B4C300A2322D /* AKMapManager.h */,
				C538065D1DE6B4C300A2322D /* AKMapManager.m */,
			);
			path = Manager;
			sourceTree = "<group>";
		};
		C5A731441DE323D400DB2788 /* ShareModule */ = {
			isa = PBXGroup;
			children = (
				C5A731691DE32BDB00DB2788 /* Mediator */,
				C5A7316A1DE32BDB00DB2788 /* Service */,
				C5A731581DE325A800DB2788 /* Aspects */,
				C5A731681DE3286800DB2788 /* ShareModule.h */,
			);
			path = ShareModule;
			sourceTree = "<group>";
		};
		C5A731581DE325A800DB2788 /* Aspects */ = {
			isa = PBXGroup;
			children = (
				C5A7315B1DE3260600DB2788 /* Aspect-ShareModule.h */,
				C5A7315C1DE3260600DB2788 /* Aspect-ShareModule.m */,
			);
			path = Aspects;
			sourceTree = "<group>";
		};
		C5A731611DE3268300DB2788 /* Aspect */ = {
			isa = PBXGroup;
			children = (
				C5A731651DE3281800DB2788 /* Aspect-MapModule.h */,
				C5A731661DE3281800DB2788 /* Aspect-MapModule.m */,
			);
			path = Aspect;
			sourceTree = "<group>";
		};
		C5A731691DE32BDB00DB2788 /* Mediator */ = {
			isa = PBXGroup;
			children = (
				C5A7316B1DE32BFE00DB2788 /* AKMediator+ShareModule.h */,
				C5A7316C1DE32BFE00DB2788 /* AKMediator+ShareModule.m */,
			);
			path = Mediator;
			sourceTree = "<group>";
		};
		C5A7316A1DE32BDB00DB2788 /* Service */ = {
			isa = PBXGroup;
			children = (
				C5A7316E1DE32C0E00DB2788 /* ServiceShare.h */,
				C5A7316F1DE32C0E00DB2788 /* ServiceShare.m */,
			);
			path = Service;
			sourceTree = "<group>";
		};
/* End PBXGroup section */

/* Begin PBXNativeTarget section */
		C5A730111DE2BB3400DB2788 /* Project */ = {
			isa = PBXNativeTarget;
			buildConfigurationList = C5A7303F1DE2BB3500DB2788 /* Build configuration list for PBXNativeTarget "Project" */;
			buildPhases = (
				7E57BD2C44874E2FE2DDC0E6 /* [CP] Check Pods Manifest.lock */,
				C5A7300E1DE2BB3400DB2788 /* Sources */,
				C5A7300F1DE2BB3400DB2788 /* Frameworks */,
				C5A730101DE2BB3400DB2788 /* Resources */,
				ABB96EB44050A910EF013D2C /* [CP] Embed Pods Frameworks */,
				ACCFD330CC14DB36536B38C3 /* [CP] Copy Pods Resources */,
			);
			buildRules = (
			);
			dependencies = (
			);
			name = Project;
			productName = Project;
			productReference = C5A730121DE2BB3400DB2788 /* Project.app */;
			productType = "com.apple.product-type.application";
		};
		C5A7302A1DE2BB3500DB2788 /* ProjectTests */ = {
			isa = PBXNativeTarget;
			buildConfigurationList = C5A730421DE2BB3500DB2788 /* Build configuration list for PBXNativeTarget "ProjectTests" */;
			buildPhases = (
				C5A730271DE2BB3500DB2788 /* Sources */,
				C5A730281DE2BB3500DB2788 /* Frameworks */,
				C5A730291DE2BB3500DB2788 /* Resources */,
			);
			buildRules = (
			);
			dependencies = (
				C5A7302D1DE2BB3500DB2788 /* PBXTargetDependency */,
			);
			name = ProjectTests;
			productName = ProjectTests;
			productReference = C5A7302B1DE2BB3500DB2788 /* ProjectTests.xctest */;
			productType = "com.apple.product-type.bundle.unit-test";
		};
		C5A730351DE2BB3500DB2788 /* ProjectUITests */ = {
			isa = PBXNativeTarget;
			buildConfigurationList = C5A730451DE2BB3500DB2788 /* Build configuration list for PBXNativeTarget "ProjectUITests" */;
			buildPhases = (
				C5A730321DE2BB3500DB2788 /* Sources */,
				C5A730331DE2BB3500DB2788 /* Frameworks */,
				C5A730341DE2BB3500DB2788 /* Resources */,
			);
			buildRules = (
			);
			dependencies = (
				C5A730381DE2BB3500DB2788 /* PBXTargetDependency */,
			);
			name = ProjectUITests;
			productName = ProjectUITests;
			productReference = C5A730361DE2BB3500DB2788 /* ProjectUITests.xctest */;
			productType = "com.apple.product-type.bundle.ui-testing";
		};
/* End PBXNativeTarget section */

/* Begin PBXProject section */
		C5A7300A1DE2BB3400DB2788 /* Project object */ = {
			isa = PBXProject;
			attributes = {
				LastUpgradeCheck = 0810;
				ORGANIZATIONNAME = ankye;
				TargetAttributes = {
					C5A730111DE2BB3400DB2788 = {
						CreatedOnToolsVersion = 8.1;
						DevelopmentTeam = 5DD9UH248V;
						ProvisioningStyle = Automatic;
					};
					C5A7302A1DE2BB3500DB2788 = {
						CreatedOnToolsVersion = 8.1;
						ProvisioningStyle = Automatic;
						TestTargetID = C5A730111DE2BB3400DB2788;
					};
					C5A730351DE2BB3500DB2788 = {
						CreatedOnToolsVersion = 8.1;
						ProvisioningStyle = Automatic;
						TestTargetID = C5A730111DE2BB3400DB2788;
					};
				};
			};
			buildConfigurationList = C5A7300D1DE2BB3400DB2788 /* Build configuration list for PBXProject "Project" */;
			compatibilityVersion = "Xcode 3.2";
			developmentRegion = English;
			hasScannedForEncodings = 0;
			knownRegions = (
				en,
				Base,
			);
			mainGroup = C5A730091DE2BB3400DB2788;
			productRefGroup = C5A730131DE2BB3400DB2788 /* Products */;
			projectDirPath = "";
			projectRoot = "";
			targets = (
				C5A730111DE2BB3400DB2788 /* Project */,
				C5A7302A1DE2BB3500DB2788 /* ProjectTests */,
				C5A730351DE2BB3500DB2788 /* ProjectUITests */,
			);
		};
/* End PBXProject section */

/* Begin PBXResourcesBuildPhase section */
		C5A730101DE2BB3400DB2788 /* Resources */ = {
			isa = PBXResourcesBuildPhase;
			buildActionMask = 2147483647;
			files = (
				C55CBE821DE54AC90000B1F6 /* BaseModule.xcassets in Resources */,
				C5A730251DE2BB3400DB2788 /* LaunchScreen.storyboard in Resources */,
				C5A730221DE2BB3400DB2788 /* Assets.xcassets in Resources */,
				C5A730201DE2BB3400DB2788 /* Main.storyboard in Resources */,
				C5A731161DE2E8F000DB2788 /* MapModule.xcassets in Resources */,
				C5A7310F1DE2DCED00DB2788 /* LoginModule.xcassets in Resources */,
			);
			runOnlyForDeploymentPostprocessing = 0;
		};
		C5A730291DE2BB3500DB2788 /* Resources */ = {
			isa = PBXResourcesBuildPhase;
			buildActionMask = 2147483647;
			files = (
			);
			runOnlyForDeploymentPostprocessing = 0;
		};
		C5A730341DE2BB3500DB2788 /* Resources */ = {
			isa = PBXResourcesBuildPhase;
			buildActionMask = 2147483647;
			files = (
			);
			runOnlyForDeploymentPostprocessing = 0;
		};
/* End PBXResourcesBuildPhase section */

/* Begin PBXShellScriptBuildPhase section */
		7E57BD2C44874E2FE2DDC0E6 /* [CP] Check Pods Manifest.lock */ = {
			isa = PBXShellScriptBuildPhase;
			buildActionMask = 2147483647;
			files = (
			);
			inputPaths = (
			);
			name = "[CP] Check Pods Manifest.lock";
			outputPaths = (
			);
			runOnlyForDeploymentPostprocessing = 0;
			shellPath = /bin/sh;
			shellScript = "diff \"${PODS_ROOT}/../Podfile.lock\" \"${PODS_ROOT}/Manifest.lock\" > /dev/null\nif [ $? != 0 ] ; then\n    # print error to STDERR\n    echo \"error: The sandbox is not in sync with the Podfile.lock. Run 'pod install' or update your CocoaPods installation.\" >&2\n    exit 1\nfi\n";
			showEnvVarsInLog = 0;
		};
		ABB96EB44050A910EF013D2C /* [CP] Embed Pods Frameworks */ = {
			isa = PBXShellScriptBuildPhase;
			buildActionMask = 2147483647;
			files = (
			);
			inputPaths = (
			);
			name = "[CP] Embed Pods Frameworks";
			outputPaths = (
			);
			runOnlyForDeploymentPostprocessing = 0;
			shellPath = /bin/sh;
			shellScript = "\"${SRCROOT}/Pods/Target Support Files/Pods-Project/Pods-Project-frameworks.sh\"\n";
			showEnvVarsInLog = 0;
		};
		ACCFD330CC14DB36536B38C3 /* [CP] Copy Pods Resources */ = {
			isa = PBXShellScriptBuildPhase;
			buildActionMask = 2147483647;
			files = (
			);
			inputPaths = (
			);
			name = "[CP] Copy Pods Resources";
			outputPaths = (
			);
			runOnlyForDeploymentPostprocessing = 0;
			shellPath = /bin/sh;
			shellScript = "\"${SRCROOT}/Pods/Target Support Files/Pods-Project/Pods-Project-resources.sh\"\n";
			showEnvVarsInLog = 0;
		};
/* End PBXShellScriptBuildPhase section */

/* Begin PBXSourcesBuildPhase section */
		C5A7300E1DE2BB3400DB2788 /* Sources */ = {
			isa = PBXSourcesBuildPhase;
			buildActionMask = 2147483647;
			files = (
				C55CBE881DE54AC90000B1F6 /* AKBaseViewController.m in Sources */,
				C55CBE891DE54AC90000B1F6 /* AKPopupViewController.m in Sources */,
				C55CBE491DE447430000B1F6 /* AKDataCenter+UserModule.m in Sources */,
				C5A7301D1DE2BB3400DB2788 /* ViewController.m in Sources */,
				C5A731281DE2EB3500DB2788 /* HBLocationButton.m in Sources */,
				C55CBE4D1DE52D1F0000B1F6 /* AKUserManager.m in Sources */,
				C538065E1DE6B4C300A2322D /* AKMapManager.m in Sources */,
				C55CBE431DE445220000B1F6 /* UserModel.m in Sources */,
				C55CBE851DE54AC90000B1F6 /* AKRequestManager.m in Sources */,
				C55CBE831DE54AC90000B1F6 /* AKDataCenter.m in Sources */,
				C5A731271DE2EB3500DB2788 /* HBBaseRoundButton.m in Sources */,
				C538065B1DE6922100A2322D /* AKUserPinAnnotationView.m in Sources */,
				C538066C1DE71A0900A2322D /* AKDBManager+UserModel.m in Sources */,
				C5A731671DE3281800DB2788 /* Aspect-MapModule.m in Sources */,
				C5A730E61DE2CF7000DB2788 /* AKLoginViewController.m in Sources */,
				C55CBE871DE54AC90000B1F6 /* AKPopupManager.m in Sources */,
				C5A730F11DE2D3B700DB2788 /* AKMediator+LoginModule.m in Sources */,
				C55CBE8A1DE54AC90000B1F6 /* AKTabbarControllerFactory.m in Sources */,
				C5A731701DE32C0E00DB2788 /* ServiceShare.m in Sources */,
				C53806581DE68C9B00A2322D /* AKUserPointAnnotation.m in Sources */,
				C5A731041DE2D7CF00DB2788 /* ServiceMap.m in Sources */,
				C55CBE861DE54AC90000B1F6 /* AKBaseRequest.m in Sources */,
				C55CBE8D1DE54AC90000B1F6 /* FileHelper.m in Sources */,
				C5A7316D1DE32BFE00DB2788 /* AKMediator+ShareModule.m in Sources */,
				C55CBE8C1DE54AC90000B1F6 /* DeviceHelper.m in Sources */,
				C5A731751DE3D7B100DB2788 /* AKRequestManager+LoginModule.m in Sources */,
				C55CBE811DE54AC90000B1F6 /* AKAppDelegate.m in Sources */,
				C5A731071DE2D82800DB2788 /* AKMapViewController.m in Sources */,
				C55CBE3B1DE442FF0000B1F6 /* ServiceUser.m in Sources */,
				C55CBE8F1DE54AC90000B1F6 /* AKCYLPlusButton.m in Sources */,
				C55CBE211DE436570000B1F6 /* AKRequestHeader.m in Sources */,
				C53806631DE6D06400A2322D /* AKDBManager.m in Sources */,
				C5A730F61DE2D70700DB2788 /* ServiceLogin.m in Sources */,
				C5A731011DE2D79000DB2788 /* AKMediator+MapModule.m in Sources */,
				C5A7315D1DE3260600DB2788 /* Aspect-ShareModule.m in Sources */,
				C5A730EB1DE2D2A600DB2788 /* AKLoginButton.m in Sources */,
				C5A7301A1DE2BB3400DB2788 /* AppDelegate.m in Sources */,
				C5A730EE1DE2D32400DB2788 /* AKLoginButtonGroup.m in Sources */,
				C55CBE351DE4428E0000B1F6 /* AKMediator+UserModule.m in Sources */,
				C5A730171DE2BB3400DB2788 /* main.m in Sources */,
				C55CBF521DE5614E0000B1F6 /* AKTimerManager.m in Sources */,
				C53806531DE59D9800A2322D /* AKTimer.m in Sources */,
				C55CBE251DE4405E0000B1F6 /* ThirdLoginAPI.m in Sources */,
				C55CBE8B1DE54AC90000B1F6 /* AppHelper.m in Sources */,
				C55CBE8E1DE54AC90000B1F6 /* AKBaseModel.m in Sources */,
				C55CBE841DE54AC90000B1F6 /* AKMediator.m in Sources */,
			);
			runOnlyForDeploymentPostprocessing = 0;
		};
		C5A730271DE2BB3500DB2788 /* Sources */ = {
			isa = PBXSourcesBuildPhase;
			buildActionMask = 2147483647;
			files = (
				C5A730301DE2BB3500DB2788 /* ProjectTests.m in Sources */,
			);
			runOnlyForDeploymentPostprocessing = 0;
		};
		C5A730321DE2BB3500DB2788 /* Sources */ = {
			isa = PBXSourcesBuildPhase;
			buildActionMask = 2147483647;
			files = (
				C5A7303B1DE2BB3500DB2788 /* ProjectUITests.m in Sources */,
			);
			runOnlyForDeploymentPostprocessing = 0;
		};
/* End PBXSourcesBuildPhase section */

/* Begin PBXTargetDependency section */
		C5A7302D1DE2BB3500DB2788 /* PBXTargetDependency */ = {
			isa = PBXTargetDependency;
			target = C5A730111DE2BB3400DB2788 /* Project */;
			targetProxy = C5A7302C1DE2BB3500DB2788 /* PBXContainerItemProxy */;
		};
		C5A730381DE2BB3500DB2788 /* PBXTargetDependency */ = {
			isa = PBXTargetDependency;
			target = C5A730111DE2BB3400DB2788 /* Project */;
			targetProxy = C5A730371DE2BB3500DB2788 /* PBXContainerItemProxy */;
		};
/* End PBXTargetDependency section */

/* Begin PBXVariantGroup section */
		C5A7301E1DE2BB3400DB2788 /* Main.storyboard */ = {
			isa = PBXVariantGroup;
			children = (
				C5A7301F1DE2BB3400DB2788 /* Base */,
			);
			name = Main.storyboard;
			sourceTree = "<group>";
		};
		C5A730231DE2BB3400DB2788 /* LaunchScreen.storyboard */ = {
			isa = PBXVariantGroup;
			children = (
				C5A730241DE2BB3400DB2788 /* Base */,
			);
			name = LaunchScreen.storyboard;
			sourceTree = "<group>";
		};
/* End PBXVariantGroup section */

/* Begin XCBuildConfiguration section */
		C5A7303D1DE2BB3500DB2788 /* Debug */ = {
			isa = XCBuildConfiguration;
			buildSettings = {
				ALWAYS_SEARCH_USER_PATHS = NO;
				CLANG_ANALYZER_LOCALIZABILITY_NONLOCALIZED = YES;
				CLANG_ANALYZER_NONNULL = YES;
				CLANG_CXX_LANGUAGE_STANDARD = "gnu++0x";
				CLANG_CXX_LIBRARY = "libc++";
				CLANG_ENABLE_MODULES = YES;
				CLANG_ENABLE_OBJC_ARC = YES;
				CLANG_WARN_BOOL_CONVERSION = YES;
				CLANG_WARN_CONSTANT_CONVERSION = YES;
				CLANG_WARN_DIRECT_OBJC_ISA_USAGE = YES_ERROR;
				CLANG_WARN_DOCUMENTATION_COMMENTS = YES;
				CLANG_WARN_EMPTY_BODY = YES;
				CLANG_WARN_ENUM_CONVERSION = YES;
				CLANG_WARN_INFINITE_RECURSION = YES;
				CLANG_WARN_INT_CONVERSION = YES;
				CLANG_WARN_OBJC_ROOT_CLASS = YES_ERROR;
				CLANG_WARN_SUSPICIOUS_MOVE = YES;
				CLANG_WARN_SUSPICIOUS_MOVES = YES;
				CLANG_WARN_UNREACHABLE_CODE = YES;
				CLANG_WARN__DUPLICATE_METHOD_MATCH = YES;
				"CODE_SIGN_IDENTITY[sdk=iphoneos*]" = "iPhone Developer";
				COPY_PHASE_STRIP = NO;
				DEBUG_INFORMATION_FORMAT = dwarf;
				ENABLE_STRICT_OBJC_MSGSEND = YES;
				ENABLE_TESTABILITY = YES;
				GCC_C_LANGUAGE_STANDARD = gnu99;
				GCC_DYNAMIC_NO_PIC = NO;
				GCC_NO_COMMON_BLOCKS = YES;
				GCC_OPTIMIZATION_LEVEL = 0;
				GCC_PREPROCESSOR_DEFINITIONS = (
					"DEBUG=1",
					"$(inherited)",
				);
				GCC_WARN_64_TO_32_BIT_CONVERSION = YES;
				GCC_WARN_ABOUT_RETURN_TYPE = YES_ERROR;
				GCC_WARN_UNDECLARED_SELECTOR = YES;
				GCC_WARN_UNINITIALIZED_AUTOS = YES_AGGRESSIVE;
				GCC_WARN_UNUSED_FUNCTION = YES;
				GCC_WARN_UNUSED_VARIABLE = YES;
				IPHONEOS_DEPLOYMENT_TARGET = 8.0;
				MTL_ENABLE_DEBUG_INFO = YES;
				ONLY_ACTIVE_ARCH = YES;
				SDKROOT = iphoneos;
				TARGETED_DEVICE_FAMILY = "1,2";
			};
			name = Debug;
		};
		C5A7303E1DE2BB3500DB2788 /* Release */ = {
			isa = XCBuildConfiguration;
			buildSettings = {
				ALWAYS_SEARCH_USER_PATHS = NO;
				CLANG_ANALYZER_LOCALIZABILITY_NONLOCALIZED = YES;
				CLANG_ANALYZER_NONNULL = YES;
				CLANG_CXX_LANGUAGE_STANDARD = "gnu++0x";
				CLANG_CXX_LIBRARY = "libc++";
				CLANG_ENABLE_MODULES = YES;
				CLANG_ENABLE_OBJC_ARC = YES;
				CLANG_WARN_BOOL_CONVERSION = YES;
				CLANG_WARN_CONSTANT_CONVERSION = YES;
				CLANG_WARN_DIRECT_OBJC_ISA_USAGE = YES_ERROR;
				CLANG_WARN_DOCUMENTATION_COMMENTS = YES;
				CLANG_WARN_EMPTY_BODY = YES;
				CLANG_WARN_ENUM_CONVERSION = YES;
				CLANG_WARN_INFINITE_RECURSION = YES;
				CLANG_WARN_INT_CONVERSION = YES;
				CLANG_WARN_OBJC_ROOT_CLASS = YES_ERROR;
				CLANG_WARN_SUSPICIOUS_MOVE = YES;
				CLANG_WARN_SUSPICIOUS_MOVES = YES;
				CLANG_WARN_UNREACHABLE_CODE = YES;
				CLANG_WARN__DUPLICATE_METHOD_MATCH = YES;
				"CODE_SIGN_IDENTITY[sdk=iphoneos*]" = "iPhone Developer";
				COPY_PHASE_STRIP = NO;
				DEBUG_INFORMATION_FORMAT = "dwarf-with-dsym";
				ENABLE_NS_ASSERTIONS = NO;
				ENABLE_STRICT_OBJC_MSGSEND = YES;
				GCC_C_LANGUAGE_STANDARD = gnu99;
				GCC_NO_COMMON_BLOCKS = YES;
				GCC_WARN_64_TO_32_BIT_CONVERSION = YES;
				GCC_WARN_ABOUT_RETURN_TYPE = YES_ERROR;
				GCC_WARN_UNDECLARED_SELECTOR = YES;
				GCC_WARN_UNINITIALIZED_AUTOS = YES_AGGRESSIVE;
				GCC_WARN_UNUSED_FUNCTION = YES;
				GCC_WARN_UNUSED_VARIABLE = YES;
				IPHONEOS_DEPLOYMENT_TARGET = 8.0;
				MTL_ENABLE_DEBUG_INFO = NO;
				SDKROOT = iphoneos;
				TARGETED_DEVICE_FAMILY = "1,2";
				VALIDATE_PRODUCT = YES;
			};
			name = Release;
		};
		C5A730401DE2BB3500DB2788 /* Debug */ = {
			isa = XCBuildConfiguration;
			baseConfigurationReference = B69DE62C8EB3C23ADC38EDB6 /* Pods-Project.debug.xcconfig */;
			buildSettings = {
				ASSETCATALOG_COMPILER_APPICON_NAME = AppIcon;
				DEVELOPMENT_TEAM = 5DD9UH248V;
				GCC_PREFIX_HEADER = "$(PROJECT_DIR)/Project/PrefixHeader.pch";
				INFOPLIST_FILE = Project/Info.plist;
				LD_RUNPATH_SEARCH_PATHS = "$(inherited) @executable_path/Frameworks";
				PRODUCT_BUNDLE_IDENTIFIER = com.Kingnet.BLVRdev;
				PRODUCT_NAME = "$(TARGET_NAME)";
			};
			name = Debug;
		};
		C5A730411DE2BB3500DB2788 /* Release */ = {
			isa = XCBuildConfiguration;
			baseConfigurationReference = 3EF56A8A82919CDF6E89C8BF /* Pods-Project.release.xcconfig */;
			buildSettings = {
				ASSETCATALOG_COMPILER_APPICON_NAME = AppIcon;
				DEVELOPMENT_TEAM = 5DD9UH248V;
				GCC_PREFIX_HEADER = "$(PROJECT_DIR)/Project/PrefixHeader.pch";
				INFOPLIST_FILE = Project/Info.plist;
				LD_RUNPATH_SEARCH_PATHS = "$(inherited) @executable_path/Frameworks";
				PRODUCT_BUNDLE_IDENTIFIER = com.Kingnet.BLVRdev;
				PRODUCT_NAME = "$(TARGET_NAME)";
			};
			name = Release;
		};
		C5A730431DE2BB3500DB2788 /* Debug */ = {
			isa = XCBuildConfiguration;
			buildSettings = {
				BUNDLE_LOADER = "$(TEST_HOST)";
				INFOPLIST_FILE = ProjectTests/Info.plist;
				LD_RUNPATH_SEARCH_PATHS = "$(inherited) @executable_path/Frameworks @loader_path/Frameworks";
				PRODUCT_BUNDLE_IDENTIFIER = com.weijinka.ProjectTests;
				PRODUCT_NAME = "$(TARGET_NAME)";
				TEST_HOST = "$(BUILT_PRODUCTS_DIR)/Project.app/Project";
			};
			name = Debug;
		};
		C5A730441DE2BB3500DB2788 /* Release */ = {
			isa = XCBuildConfiguration;
			buildSettings = {
				BUNDLE_LOADER = "$(TEST_HOST)";
				INFOPLIST_FILE = ProjectTests/Info.plist;
				LD_RUNPATH_SEARCH_PATHS = "$(inherited) @executable_path/Frameworks @loader_path/Frameworks";
				PRODUCT_BUNDLE_IDENTIFIER = com.weijinka.ProjectTests;
				PRODUCT_NAME = "$(TARGET_NAME)";
				TEST_HOST = "$(BUILT_PRODUCTS_DIR)/Project.app/Project";
			};
			name = Release;
		};
		C5A730461DE2BB3500DB2788 /* Debug */ = {
			isa = XCBuildConfiguration;
			buildSettings = {
				INFOPLIST_FILE = ProjectUITests/Info.plist;
				LD_RUNPATH_SEARCH_PATHS = "$(inherited) @executable_path/Frameworks @loader_path/Frameworks";
				PRODUCT_BUNDLE_IDENTIFIER = com.weijinka.ProjectUITests;
				PRODUCT_NAME = "$(TARGET_NAME)";
				TEST_TARGET_NAME = Project;
			};
			name = Debug;
		};
		C5A730471DE2BB3500DB2788 /* Release */ = {
			isa = XCBuildConfiguration;
			buildSettings = {
				INFOPLIST_FILE = ProjectUITests/Info.plist;
				LD_RUNPATH_SEARCH_PATHS = "$(inherited) @executable_path/Frameworks @loader_path/Frameworks";
				PRODUCT_BUNDLE_IDENTIFIER = com.weijinka.ProjectUITests;
				PRODUCT_NAME = "$(TARGET_NAME)";
				TEST_TARGET_NAME = Project;
			};
			name = Release;
		};
/* End XCBuildConfiguration section */

/* Begin XCConfigurationList section */
		C5A7300D1DE2BB3400DB2788 /* Build configuration list for PBXProject "Project" */ = {
			isa = XCConfigurationList;
			buildConfigurations = (
				C5A7303D1DE2BB3500DB2788 /* Debug */,
				C5A7303E1DE2BB3500DB2788 /* Release */,
			);
			defaultConfigurationIsVisible = 0;
			defaultConfigurationName = Release;
		};
		C5A7303F1DE2BB3500DB2788 /* Build configuration list for PBXNativeTarget "Project" */ = {
			isa = XCConfigurationList;
			buildConfigurations = (
				C5A730401DE2BB3500DB2788 /* Debug */,
				C5A730411DE2BB3500DB2788 /* Release */,
			);
			defaultConfigurationIsVisible = 0;
			defaultConfigurationName = Release;
		};
		C5A730421DE2BB3500DB2788 /* Build configuration list for PBXNativeTarget "ProjectTests" */ = {
			isa = XCConfigurationList;
			buildConfigurations = (
				C5A730431DE2BB3500DB2788 /* Debug */,
				C5A730441DE2BB3500DB2788 /* Release */,
			);
			defaultConfigurationIsVisible = 0;
			defaultConfigurationName = Release;
		};
		C5A730451DE2BB3500DB2788 /* Build configuration list for PBXNativeTarget "ProjectUITests" */ = {
			isa = XCConfigurationList;
			buildConfigurations = (
				C5A730461DE2BB3500DB2788 /* Debug */,
				C5A730471DE2BB3500DB2788 /* Release */,
			);
			defaultConfigurationIsVisible = 0;
			defaultConfigurationName = Release;
		};
/* End XCConfigurationList section */
	};
	rootObject = C5A7300A1DE2BB3400DB2788 /* Project object */;
}
